
Microsoft Visual Studio Solution File, Format Version 12.00
Project("{FAE04EC0-301F-11D3-BF4B-00C04F79EFBC}") = "LogicMine", "LogicMine\LogicMine.csproj", "{6256F73D-F864-4441-9B6F-4904056E6433}"
EndProject
Project("{2150E333-8FDC-42A3-9474-1A3956D46DE8}") = "Test", "Test", "{D470A95A-BF7F-4EF7-BCC0-F24CADAF5BF2}"
EndProject
Project("{FAE04EC0-301F-11D3-BF4B-00C04F79EFBC}") = "Test.LogicMine", "Test\Test.LogicMine\Test.LogicMine.csproj", "{43FBC8AA-9772-4DDC-9ECF-CAEF12BAE2FF}"
EndProject
Project("{FAE04EC0-301F-11D3-BF4B-00C04F79EFBC}") = "LogicMine.DataObject", "LogicMine.DataObject\LogicMine.DataObject.csproj", "{DB0D1D66-7A5E-45C0-AF58-4669F4ADD693}"
EndProject
Project("{FAE04EC0-301F-11D3-BF4B-00C04F79EFBC}") = "LogicMine.DataObject.Salesforce", "LogicMine.DataObject.Salesforce\LogicMine.DataObject.Salesforce.csproj", "{27DB813C-3BFD-4AEA-8E2E-E8F5B4CF675B}"
EndProject
Project("{FAE04EC0-301F-11D3-BF4B-00C04F79EFBC}") = "Test.LogicMine.DataObject.Salesforce", "Test\Test.LogicMine.DataObject.Salesforce\Test.LogicMine.DataObject.Salesforce.csproj", "{671B5006-266F-4581-AD8F-06DE8C43288D}"
EndProject
Project("{2150E333-8FDC-42A3-9474-1A3956D46DE8}") = "Sample", "Sample", "{FBD291FA-5152-4A53-8A56-9F08CBC7B5D2}"
EndProject
Project("{FAE04EC0-301F-11D3-BF4B-00C04F79EFBC}") = "Sample.LogicMine.Web", "Sample\Sample.LogicMine.Web\Sample.LogicMine.Web.csproj", "{DC7FBB52-889A-4F15-A08A-B7B9F491E468}"
EndProject
Project("{FAE04EC0-301F-11D3-BF4B-00C04F79EFBC}") = "LogicMine.Routing", "LogicMine.Routing\LogicMine.Routing.csproj", "{9C19F38A-97AA-4D96-8382-C79F4457EE0E}"
EndProject
Project("{FAE04EC0-301F-11D3-BF4B-00C04F79EFBC}") = "LogicMine.Routing.Json", "LogicMine.Routing.Json\LogicMine.Routing.Json.csproj", "{D98819C0-CFFA-4D16-A250-BB5CB36E14F7}"
EndProject
Project("{FAE04EC0-301F-11D3-BF4B-00C04F79EFBC}") = "LogicMine.Web", "LogicMine.Web\LogicMine.Web.csproj", "{928BA578-5163-4397-841B-5AF8D0207125}"
EndProject
Project("{FAE04EC0-301F-11D3-BF4B-00C04F79EFBC}") = "Test.Common.LogicMine", "Test\Test.Common.LogicMine\Test.Common.LogicMine.csproj", "{10D8F6BA-6D43-4664-8939-E7D3584F49C3}"
EndProject
Project("{FAE04EC0-301F-11D3-BF4B-00C04F79EFBC}") = "Test.LogicMine.DataObject", "Test\Test.LogicMine.DataObject\Test.LogicMine.DataObject.csproj", "{39CA257B-D29A-444B-A491-41C55F8D2246}"
EndProject
Project("{FAE04EC0-301F-11D3-BF4B-00C04F79EFBC}") = "LogicMine.DataObject.Ado", "LogicMine.DataObject.Ado\LogicMine.DataObject.Ado.csproj", "{9630D062-2978-42FB-862D-3A0608F38B97}"
EndProject
Project("{FAE04EC0-301F-11D3-BF4B-00C04F79EFBC}") = "LogicMine.DataObject.Ado.Sqlite", "LogicMine.DataObject.Ado.Sqlite\LogicMine.DataObject.Ado.Sqlite.csproj", "{EF4BC6F7-DC2D-4C3F-9330-5CC44417C3BD}"
EndProject
Project("{FAE04EC0-301F-11D3-BF4B-00C04F79EFBC}") = "Test.LogicMine.DataObject.Ado.Sqlite", "Test\Test.LogicMine.DataObject.Ado.Sqlite\Test.LogicMine.DataObject.Ado.Sqlite.csproj", "{5E76C485-C923-4E4A-A455-4A9D6A837617}"
EndProject
Project("{FAE04EC0-301F-11D3-BF4B-00C04F79EFBC}") = "Test.LogicMine.DataObject.Ado", "Test\Test.LogicMine.DataObject.Ado\Test.LogicMine.DataObject.Ado.csproj", "{16C1F97E-BC32-410F-8636-A6CD734705E8}"
EndProject
Global
	GlobalSection(SolutionConfigurationPlatforms) = preSolution
		Debug|Any CPU = Debug|Any CPU
		Release|Any CPU = Release|Any CPU
	EndGlobalSection
	GlobalSection(ProjectConfigurationPlatforms) = postSolution
		{6256F73D-F864-4441-9B6F-4904056E6433}.Debug|Any CPU.ActiveCfg = Debug|Any CPU
		{6256F73D-F864-4441-9B6F-4904056E6433}.Debug|Any CPU.Build.0 = Debug|Any CPU
		{6256F73D-F864-4441-9B6F-4904056E6433}.Release|Any CPU.ActiveCfg = Release|Any CPU
		{6256F73D-F864-4441-9B6F-4904056E6433}.Release|Any CPU.Build.0 = Release|Any CPU
		{43FBC8AA-9772-4DDC-9ECF-CAEF12BAE2FF}.Debug|Any CPU.ActiveCfg = Debug|Any CPU
		{43FBC8AA-9772-4DDC-9ECF-CAEF12BAE2FF}.Debug|Any CPU.Build.0 = Debug|Any CPU
		{43FBC8AA-9772-4DDC-9ECF-CAEF12BAE2FF}.Release|Any CPU.ActiveCfg = Release|Any CPU
		{43FBC8AA-9772-4DDC-9ECF-CAEF12BAE2FF}.Release|Any CPU.Build.0 = Release|Any CPU
		{DB0D1D66-7A5E-45C0-AF58-4669F4ADD693}.Debug|Any CPU.ActiveCfg = Debug|Any CPU
		{DB0D1D66-7A5E-45C0-AF58-4669F4ADD693}.Debug|Any CPU.Build.0 = Debug|Any CPU
		{DB0D1D66-7A5E-45C0-AF58-4669F4ADD693}.Release|Any CPU.ActiveCfg = Release|Any CPU
		{DB0D1D66-7A5E-45C0-AF58-4669F4ADD693}.Release|Any CPU.Build.0 = Release|Any CPU
		{27DB813C-3BFD-4AEA-8E2E-E8F5B4CF675B}.Debug|Any CPU.ActiveCfg = Debug|Any CPU
		{27DB813C-3BFD-4AEA-8E2E-E8F5B4CF675B}.Debug|Any CPU.Build.0 = Debug|Any CPU
		{27DB813C-3BFD-4AEA-8E2E-E8F5B4CF675B}.Release|Any CPU.ActiveCfg = Release|Any CPU
		{27DB813C-3BFD-4AEA-8E2E-E8F5B4CF675B}.Release|Any CPU.Build.0 = Release|Any CPU
		{671B5006-266F-4581-AD8F-06DE8C43288D}.Debug|Any CPU.ActiveCfg = Debug|Any CPU
		{671B5006-266F-4581-AD8F-06DE8C43288D}.Debug|Any CPU.Build.0 = Debug|Any CPU
		{671B5006-266F-4581-AD8F-06DE8C43288D}.Release|Any CPU.ActiveCfg = Release|Any CPU
		{671B5006-266F-4581-AD8F-06DE8C43288D}.Release|Any CPU.Build.0 = Release|Any CPU
		{DC7FBB52-889A-4F15-A08A-B7B9F491E468}.Debug|Any CPU.ActiveCfg = Debug|Any CPU
		{DC7FBB52-889A-4F15-A08A-B7B9F491E468}.Debug|Any CPU.Build.0 = Debug|Any CPU
		{DC7FBB52-889A-4F15-A08A-B7B9F491E468}.Release|Any CPU.ActiveCfg = Release|Any CPU
		{DC7FBB52-889A-4F15-A08A-B7B9F491E468}.Release|Any CPU.Build.0 = Release|Any CPU
		{9C19F38A-97AA-4D96-8382-C79F4457EE0E}.Debug|Any CPU.ActiveCfg = Debug|Any CPU
		{9C19F38A-97AA-4D96-8382-C79F4457EE0E}.Debug|Any CPU.Build.0 = Debug|Any CPU
		{9C19F38A-97AA-4D96-8382-C79F4457EE0E}.Release|Any CPU.ActiveCfg = Release|Any CPU
		{9C19F38A-97AA-4D96-8382-C79F4457EE0E}.Release|Any CPU.Build.0 = Release|Any CPU
		{D98819C0-CFFA-4D16-A250-BB5CB36E14F7}.Debug|Any CPU.ActiveCfg = Debug|Any CPU
		{D98819C0-CFFA-4D16-A250-BB5CB36E14F7}.Debug|Any CPU.Build.0 = Debug|Any CPU
		{D98819C0-CFFA-4D16-A250-BB5CB36E14F7}.Release|Any CPU.ActiveCfg = Release|Any CPU
		{D98819C0-CFFA-4D16-A250-BB5CB36E14F7}.Release|Any CPU.Build.0 = Release|Any CPU
		{928BA578-5163-4397-841B-5AF8D0207125}.Debug|Any CPU.ActiveCfg = Debug|Any CPU
		{928BA578-5163-4397-841B-5AF8D0207125}.Debug|Any CPU.Build.0 = Debug|Any CPU
		{928BA578-5163-4397-841B-5AF8D0207125}.Release|Any CPU.ActiveCfg = Release|Any CPU
		{928BA578-5163-4397-841B-5AF8D0207125}.Release|Any CPU.Build.0 = Release|Any CPU
		{10D8F6BA-6D43-4664-8939-E7D3584F49C3}.Debug|Any CPU.ActiveCfg = Debug|Any CPU
		{10D8F6BA-6D43-4664-8939-E7D3584F49C3}.Debug|Any CPU.Build.0 = Debug|Any CPU
		{10D8F6BA-6D43-4664-8939-E7D3584F49C3}.Release|Any CPU.ActiveCfg = Release|Any CPU
		{10D8F6BA-6D43-4664-8939-E7D3584F49C3}.Release|Any CPU.Build.0 = Release|Any CPU
		{39CA257B-D29A-444B-A491-41C55F8D2246}.Debug|Any CPU.ActiveCfg = Debug|Any CPU
		{39CA257B-D29A-444B-A491-41C55F8D2246}.Debug|Any CPU.Build.0 = Debug|Any CPU
		{39CA257B-D29A-444B-A491-41C55F8D2246}.Release|Any CPU.ActiveCfg = Release|Any CPU
		{39CA257B-D29A-444B-A491-41C55F8D2246}.Release|Any CPU.Build.0 = Release|Any CPU
		{9630D062-2978-42FB-862D-3A0608F38B97}.Debug|Any CPU.ActiveCfg = Debug|Any CPU
		{9630D062-2978-42FB-862D-3A0608F38B97}.Debug|Any CPU.Build.0 = Debug|Any CPU
		{9630D062-2978-42FB-862D-3A0608F38B97}.Release|Any CPU.ActiveCfg = Release|Any CPU
		{9630D062-2978-42FB-862D-3A0608F38B97}.Release|Any CPU.Build.0 = Release|Any CPU
		{EF4BC6F7-DC2D-4C3F-9330-5CC44417C3BD}.Debug|Any CPU.ActiveCfg = Debug|Any CPU
		{EF4BC6F7-DC2D-4C3F-9330-5CC44417C3BD}.Debug|Any CPU.Build.0 = Debug|Any CPU
		{EF4BC6F7-DC2D-4C3F-9330-5CC44417C3BD}.Release|Any CPU.ActiveCfg = Release|Any CPU
		{EF4BC6F7-DC2D-4C3F-9330-5CC44417C3BD}.Release|Any CPU.Build.0 = Release|Any CPU
		{5E76C485-C923-4E4A-A455-4A9D6A837617}.Debug|Any CPU.ActiveCfg = Debug|Any CPU
		{5E76C485-C923-4E4A-A455-4A9D6A837617}.Debug|Any CPU.Build.0 = Debug|Any CPU
		{5E76C485-C923-4E4A-A455-4A9D6A837617}.Release|Any CPU.ActiveCfg = Release|Any CPU
		{5E76C485-C923-4E4A-A455-4A9D6A837617}.Release|Any CPU.Build.0 = Release|Any CPU
		{16C1F97E-BC32-410F-8636-A6CD734705E8}.Debug|Any CPU.ActiveCfg = Debug|Any CPU
		{16C1F97E-BC32-410F-8636-A6CD734705E8}.Debug|Any CPU.Build.0 = Debug|Any CPU
		{16C1F97E-BC32-410F-8636-A6CD734705E8}.Release|Any CPU.ActiveCfg = Release|Any CPU
		{16C1F97E-BC32-410F-8636-A6CD734705E8}.Release|Any CPU.Build.0 = Release|Any CPU
	EndGlobalSection
	GlobalSection(NestedProjects) = preSolution
		{43FBC8AA-9772-4DDC-9ECF-CAEF12BAE2FF} = {D470A95A-BF7F-4EF7-BCC0-F24CADAF5BF2}
		{671B5006-266F-4581-AD8F-06DE8C43288D} = {D470A95A-BF7F-4EF7-BCC0-F24CADAF5BF2}
		{DC7FBB52-889A-4F15-A08A-B7B9F491E468} = {FBD291FA-5152-4A53-8A56-9F08CBC7B5D2}
		{10D8F6BA-6D43-4664-8939-E7D3584F49C3} = {D470A95A-BF7F-4EF7-BCC0-F24CADAF5BF2}
		{39CA257B-D29A-444B-A491-41C55F8D2246} = {D470A95A-BF7F-4EF7-BCC0-F24CADAF5BF2}
		{5E76C485-C923-4E4A-A455-4A9D6A837617} = {D470A95A-BF7F-4EF7-BCC0-F24CADAF5BF2}
		{16C1F97E-BC32-410F-8636-A6CD734705E8} = {D470A95A-BF7F-4EF7-BCC0-F24CADAF5BF2}
	EndGlobalSection
EndGlobal
