
Microsoft Visual Studio Solution File, Format Version 12.00
Project("{FAE04EC0-301F-11D3-BF4B-00C04F79EFBC}") = "LogicMine", "LogicMine\LogicMine.csproj", "{6256F73D-F864-4441-9B6F-4904056E6433}"
EndProject
Project("{2150E333-8FDC-42A3-9474-1A3956D46DE8}") = "Test", "Test", "{D470A95A-BF7F-4EF7-BCC0-F24CADAF5BF2}"
EndProject
Project("{FAE04EC0-301F-11D3-BF4B-00C04F79EFBC}") = "Test.LogicMine", "Test\Test.LogicMine\Test.LogicMine.csproj", "{43FBC8AA-9772-4DDC-9ECF-CAEF12BAE2FF}"
EndProject
Project("{FAE04EC0-301F-11D3-BF4B-00C04F79EFBC}") = "LogicMine.DataObject", "LogicMine.DataObject\LogicMine.DataObject.csproj", "{DB0D1D66-7A5E-45C0-AF58-4669F4ADD693}"
EndProject
Project("{FAE04EC0-301F-11D3-BF4B-00C04F79EFBC}") = "LogicMine.DataObject.Salesforce", "LogicMine.DataObject.Salesforce\LogicMine.DataObject.Salesforce.csproj", "{27DB813C-3BFD-4AEA-8E2E-E8F5B4CF675B}"
EndProject
Project("{FAE04EC0-301F-11D3-BF4B-00C04F79EFBC}") = "Test.LogicMine.DataObject.Salesforce", "Test\Test.LogicMine.DataObject.Salesforce\Test.LogicMine.DataObject.Salesforce.csproj", "{671B5006-266F-4581-AD8F-06DE8C43288D}"
EndProject
Project("{FAE04EC0-301F-11D3-BF4B-00C04F79EFBC}") = "LogicMine.Web", "LogicMine.Web\LogicMine.Web.csproj", "{75C1C9EB-D647-42FB-B904-FD8E75528C58}"
EndProject
Project("{2150E333-8FDC-42A3-9474-1A3956D46DE8}") = "Sample", "Sample", "{FBD291FA-5152-4A53-8A56-9F08CBC7B5D2}"
EndProject
Project("{FAE04EC0-301F-11D3-BF4B-00C04F79EFBC}") = "Sample.LogicMine.Web", "Sample\Sample.LogicMine.Web\Sample.LogicMine.Web.csproj", "{DC7FBB52-889A-4F15-A08A-B7B9F491E468}"
EndProject
Global
	GlobalSection(SolutionConfigurationPlatforms) = preSolution
		Debug|Any CPU = Debug|Any CPU
		Release|Any CPU = Release|Any CPU
	EndGlobalSection
	GlobalSection(ProjectConfigurationPlatforms) = postSolution
		{6256F73D-F864-4441-9B6F-4904056E6433}.Debug|Any CPU.ActiveCfg = Debug|Any CPU
		{6256F73D-F864-4441-9B6F-4904056E6433}.Debug|Any CPU.Build.0 = Debug|Any CPU
		{6256F73D-F864-4441-9B6F-4904056E6433}.Release|Any CPU.ActiveCfg = Release|Any CPU
		{6256F73D-F864-4441-9B6F-4904056E6433}.Release|Any CPU.Build.0 = Release|Any CPU
		{43FBC8AA-9772-4DDC-9ECF-CAEF12BAE2FF}.Debug|Any CPU.ActiveCfg = Debug|Any CPU
		{43FBC8AA-9772-4DDC-9ECF-CAEF12BAE2FF}.Debug|Any CPU.Build.0 = Debug|Any CPU
		{43FBC8AA-9772-4DDC-9ECF-CAEF12BAE2FF}.Release|Any CPU.ActiveCfg = Release|Any CPU
		{43FBC8AA-9772-4DDC-9ECF-CAEF12BAE2FF}.Release|Any CPU.Build.0 = Release|Any CPU
		{DB0D1D66-7A5E-45C0-AF58-4669F4ADD693}.Debug|Any CPU.ActiveCfg = Debug|Any CPU
		{DB0D1D66-7A5E-45C0-AF58-4669F4ADD693}.Debug|Any CPU.Build.0 = Debug|Any CPU
		{DB0D1D66-7A5E-45C0-AF58-4669F4ADD693}.Release|Any CPU.ActiveCfg = Release|Any CPU
		{DB0D1D66-7A5E-45C0-AF58-4669F4ADD693}.Release|Any CPU.Build.0 = Release|Any CPU
		{27DB813C-3BFD-4AEA-8E2E-E8F5B4CF675B}.Debug|Any CPU.ActiveCfg = Debug|Any CPU
		{27DB813C-3BFD-4AEA-8E2E-E8F5B4CF675B}.Debug|Any CPU.Build.0 = Debug|Any CPU
		{27DB813C-3BFD-4AEA-8E2E-E8F5B4CF675B}.Release|Any CPU.ActiveCfg = Release|Any CPU
		{27DB813C-3BFD-4AEA-8E2E-E8F5B4CF675B}.Release|Any CPU.Build.0 = Release|Any CPU
		{671B5006-266F-4581-AD8F-06DE8C43288D}.Debug|Any CPU.ActiveCfg = Debug|Any CPU
		{671B5006-266F-4581-AD8F-06DE8C43288D}.Debug|Any CPU.Build.0 = Debug|Any CPU
		{671B5006-266F-4581-AD8F-06DE8C43288D}.Release|Any CPU.ActiveCfg = Release|Any CPU
		{671B5006-266F-4581-AD8F-06DE8C43288D}.Release|Any CPU.Build.0 = Release|Any CPU
		{75C1C9EB-D647-42FB-B904-FD8E75528C58}.Debug|Any CPU.ActiveCfg = Debug|Any CPU
		{75C1C9EB-D647-42FB-B904-FD8E75528C58}.Debug|Any CPU.Build.0 = Debug|Any CPU
		{75C1C9EB-D647-42FB-B904-FD8E75528C58}.Release|Any CPU.ActiveCfg = Release|Any CPU
		{75C1C9EB-D647-42FB-B904-FD8E75528C58}.Release|Any CPU.Build.0 = Release|Any CPU
		{DC7FBB52-889A-4F15-A08A-B7B9F491E468}.Debug|Any CPU.ActiveCfg = Debug|Any CPU
		{DC7FBB52-889A-4F15-A08A-B7B9F491E468}.Debug|Any CPU.Build.0 = Debug|Any CPU
		{DC7FBB52-889A-4F15-A08A-B7B9F491E468}.Release|Any CPU.ActiveCfg = Release|Any CPU
		{DC7FBB52-889A-4F15-A08A-B7B9F491E468}.Release|Any CPU.Build.0 = Release|Any CPU
	EndGlobalSection
	GlobalSection(NestedProjects) = preSolution
		{43FBC8AA-9772-4DDC-9ECF-CAEF12BAE2FF} = {D470A95A-BF7F-4EF7-BCC0-F24CADAF5BF2}
		{671B5006-266F-4581-AD8F-06DE8C43288D} = {D470A95A-BF7F-4EF7-BCC0-F24CADAF5BF2}
		{DC7FBB52-889A-4F15-A08A-B7B9F491E468} = {FBD291FA-5152-4A53-8A56-9F08CBC7B5D2}
	EndGlobalSection
EndGlobal
