
Microsoft Visual Studio Solution File, Format Version 12.00
# Visual Studio 15
VisualStudioVersion = 15.0.27428.1
MinimumVisualStudioVersion = 10.0.40219.1
Project("{9A19103F-16F7-4668-BE54-9A1E7A4F7556}") = "LogicMine", "LogicMine\LogicMine.csproj", "{382C45D0-83DC-4585-B0B0-D3A621C6BE02}"
EndProject
Project("{2150E333-8FDC-42A3-9474-1A3956D46DE8}") = "Test", "Test", "{4877C576-A201-4590-88E9-D88970D1F86A}"
EndProject
Project("{9A19103F-16F7-4668-BE54-9A1E7A4F7556}") = "LogicMine.Api", "LogicMine.Api\LogicMine.Api.csproj", "{428B5C2C-9D69-4AD5-9372-61B5C42E9C15}"
EndProject
Project("{9A19103F-16F7-4668-BE54-9A1E7A4F7556}") = "LogicMine.Api.Cache", "LogicMine.Api.Cache\LogicMine.Api.Cache.csproj", "{45F1A44A-4C0A-433B-BEA6-1EA60511EA5A}"
EndProject
Project("{9A19103F-16F7-4668-BE54-9A1E7A4F7556}") = "LogicMine.Api.Data", "LogicMine.Api.Data\LogicMine.Api.Data.csproj", "{F8FBF89E-85EC-4424-BD44-8E727066AE52}"
EndProject
Project("{9A19103F-16F7-4668-BE54-9A1E7A4F7556}") = "LogicMine.Api.Security", "LogicMine.Api.Security\LogicMine.Api.Security.csproj", "{B12F670C-6891-4053-9F54-9A038CE1406C}"
EndProject
Project("{9A19103F-16F7-4668-BE54-9A1E7A4F7556}") = "LogicMine.Api.Data.Sql", "LogicMine.Api.Data.Sql\LogicMine.Api.Data.Sql.csproj", "{F8F24396-00C0-4295-A590-1EF254875DE6}"
EndProject
Project("{9A19103F-16F7-4668-BE54-9A1E7A4F7556}") = "LogicMine.Api.Data.Sqlite", "LogicMine.Api.Data.Sqlite\LogicMine.Api.Data.Sqlite.csproj", "{B0DB4E8A-42A0-41E3-8760-2D9F951B3A29}"
EndProject
Project("{9A19103F-16F7-4668-BE54-9A1E7A4F7556}") = "LogicMine.Api.Web", "LogicMine.Api.Web\LogicMine.Api.Web.csproj", "{898B1AAB-3B9B-4EBC-9B91-1C6652F8E2D9}"
EndProject
Project("{2150E333-8FDC-42A3-9474-1A3956D46DE8}") = "Sample", "Sample", "{5786F5F6-F9C8-44C0-9D20-BA6E3B178988}"
EndProject
Project("{9A19103F-16F7-4668-BE54-9A1E7A4F7556}") = "Sample.LogicMine.Common", "Sample\Sample.LogicMine.Common\Sample.LogicMine.Common.csproj", "{8DE1D8FF-AB6A-4F32-8BF0-A45B543D6872}"
EndProject
Project("{9A19103F-16F7-4668-BE54-9A1E7A4F7556}") = "Sample.LogicMine.Console", "Sample\Sample.LogicMine.Console\Sample.LogicMine.Console.csproj", "{024EE9EA-37B9-420D-A7A2-DB6B3D3225AC}"
EndProject
Project("{9A19103F-16F7-4668-BE54-9A1E7A4F7556}") = "Test.LogicMine", "Test\Test.LogicMine\Test.LogicMine.csproj", "{D443D417-121C-4175-B1AF-6717CAA5BC71}"
EndProject
Project("{9A19103F-16F7-4668-BE54-9A1E7A4F7556}") = "Test.LogicMine.Common", "Test\Test.LogicMine.Common\Test.LogicMine.Common.csproj", "{93435274-96CD-4F57-BCC5-629E002799C8}"
EndProject
Project("{9A19103F-16F7-4668-BE54-9A1E7A4F7556}") = "Test.LogicMine.Api", "Test\Test.LogicMine.Api\Test.LogicMine.Api.csproj", "{8D7B60D8-78D5-4E46-9A54-86DFCD8502C6}"
EndProject
Project("{9A19103F-16F7-4668-BE54-9A1E7A4F7556}") = "Test.LogicMine.Api.Cache", "Test\Test.LogicMine.Api.Cache\Test.LogicMine.Api.Cache.csproj", "{F184A314-2025-4D20-A2C6-85AC560B44D3}"
EndProject
Project("{9A19103F-16F7-4668-BE54-9A1E7A4F7556}") = "Test.LogicMine.Api.Security", "Test\Test.LogicMine.Api.Security\Test.LogicMine.Api.Security.csproj", "{6BC9E057-909E-4015-A0B6-D8D184DABC02}"
EndProject
Project("{9A19103F-16F7-4668-BE54-9A1E7A4F7556}") = "Test.LogicMine.Api.Web", "Test\Test.LogicMine.Api.Web\Test.LogicMine.Api.Web.csproj", "{C31ECB9C-36B8-4EB4-BC9E-95D04E91DDAC}"
EndProject
Project("{9A19103F-16F7-4668-BE54-9A1E7A4F7556}") = "Test.LogicMine.Api.Data", "Test\Test.LogicMine.Api.Data\Test.LogicMine.Api.Data.csproj", "{F4A56FF1-15DB-4DFC-B8BD-DEF764677FE2}"
EndProject
Project("{9A19103F-16F7-4668-BE54-9A1E7A4F7556}") = "Test.LogicMine.Api.Data.Sqlite", "Test\Test.LogicMine.Api.Data.Sqlite\Test.LogicMine.Api.Data.Sqlite.csproj", "{22D4654F-1596-416E-A477-38CC840EAB3A}"
EndProject
Project("{9A19103F-16F7-4668-BE54-9A1E7A4F7556}") = "Test.LogicMine.Api.Data.Sql", "Test\Test.LogicMine.Api.Data.Sql\Test.LogicMine.Api.Data.Sql.csproj", "{AF1AA7D8-916A-4574-837E-DB7E91A4A663}"
EndProject
Project("{9A19103F-16F7-4668-BE54-9A1E7A4F7556}") = "Sample.LogicMine.WebApi.Client", "Sample\Sample.LogicMine.WebApi.Client\Sample.LogicMine.WebApi.Client.csproj", "{4FE8F73B-2B42-4FC1-B6E7-A51F7BA62A83}"
EndProject
Project("{9A19103F-16F7-4668-BE54-9A1E7A4F7556}") = "Sample.LogicMine.WebApi", "Sample\Sample.LogicMine.WebApi\Sample.LogicMine.WebApi.csproj", "{4AAB926C-E210-44A2-81D5-BA3C7B197C12}"
EndProject
Project("{2150E333-8FDC-42A3-9474-1A3956D46DE8}") = "Solution Items", "Solution Items", "{F8B4F919-7F3F-4251-9A08-D0CA0AC693D5}"
	ProjectSection(SolutionItems) = preProject
		README.md = README.md
	EndProjectSection
EndProject
Project("{9A19103F-16F7-4668-BE54-9A1E7A4F7556}") = "Sample.LogicMine.Types", "Sample\Sample.LogicMine.Types\Sample.LogicMine.Types.csproj", "{9B99A466-3AA7-44C4-B099-CF13CF121C7C}"
EndProject
Project("{FAE04EC0-301F-11D3-BF4B-00C04F79EFBC}") = "LogicMine.Api.Data.Postgres", "LogicMine.Api.Data.Postgres\LogicMine.Api.Data.Postgres.csproj", "{9AF402C0-CF4C-4CF5-A993-17CABAFFF449}"
EndProject
Project("{FAE04EC0-301F-11D3-BF4B-00C04F79EFBC}") = "Test.LogicMine.Api.Data.Postgres", "Test\Test.LogicMine.Api.Data.Postgres\Test.LogicMine.Api.Data.Postgres.csproj", "{D6A0B4F1-6DE3-4AB4-9FF6-7CDBF0E39459}"
EndProject
Global
	GlobalSection(SolutionConfigurationPlatforms) = preSolution
		Debug|Any CPU = Debug|Any CPU
		Release|Any CPU = Release|Any CPU
	EndGlobalSection
	GlobalSection(ProjectConfigurationPlatforms) = postSolution
		{382C45D0-83DC-4585-B0B0-D3A621C6BE02}.Debug|Any CPU.ActiveCfg = Debug|Any CPU
		{382C45D0-83DC-4585-B0B0-D3A621C6BE02}.Debug|Any CPU.Build.0 = Debug|Any CPU
		{382C45D0-83DC-4585-B0B0-D3A621C6BE02}.Release|Any CPU.ActiveCfg = Release|Any CPU
		{382C45D0-83DC-4585-B0B0-D3A621C6BE02}.Release|Any CPU.Build.0 = Release|Any CPU
		{428B5C2C-9D69-4AD5-9372-61B5C42E9C15}.Debug|Any CPU.ActiveCfg = Debug|Any CPU
		{428B5C2C-9D69-4AD5-9372-61B5C42E9C15}.Debug|Any CPU.Build.0 = Debug|Any CPU
		{428B5C2C-9D69-4AD5-9372-61B5C42E9C15}.Release|Any CPU.ActiveCfg = Release|Any CPU
		{428B5C2C-9D69-4AD5-9372-61B5C42E9C15}.Release|Any CPU.Build.0 = Release|Any CPU
		{45F1A44A-4C0A-433B-BEA6-1EA60511EA5A}.Debug|Any CPU.ActiveCfg = Debug|Any CPU
		{45F1A44A-4C0A-433B-BEA6-1EA60511EA5A}.Debug|Any CPU.Build.0 = Debug|Any CPU
		{45F1A44A-4C0A-433B-BEA6-1EA60511EA5A}.Release|Any CPU.ActiveCfg = Release|Any CPU
		{45F1A44A-4C0A-433B-BEA6-1EA60511EA5A}.Release|Any CPU.Build.0 = Release|Any CPU
		{F8FBF89E-85EC-4424-BD44-8E727066AE52}.Debug|Any CPU.ActiveCfg = Debug|Any CPU
		{F8FBF89E-85EC-4424-BD44-8E727066AE52}.Debug|Any CPU.Build.0 = Debug|Any CPU
		{F8FBF89E-85EC-4424-BD44-8E727066AE52}.Release|Any CPU.ActiveCfg = Release|Any CPU
		{F8FBF89E-85EC-4424-BD44-8E727066AE52}.Release|Any CPU.Build.0 = Release|Any CPU
		{B12F670C-6891-4053-9F54-9A038CE1406C}.Debug|Any CPU.ActiveCfg = Debug|Any CPU
		{B12F670C-6891-4053-9F54-9A038CE1406C}.Debug|Any CPU.Build.0 = Debug|Any CPU
		{B12F670C-6891-4053-9F54-9A038CE1406C}.Release|Any CPU.ActiveCfg = Release|Any CPU
		{B12F670C-6891-4053-9F54-9A038CE1406C}.Release|Any CPU.Build.0 = Release|Any CPU
		{F8F24396-00C0-4295-A590-1EF254875DE6}.Debug|Any CPU.ActiveCfg = Debug|Any CPU
		{F8F24396-00C0-4295-A590-1EF254875DE6}.Debug|Any CPU.Build.0 = Debug|Any CPU
		{F8F24396-00C0-4295-A590-1EF254875DE6}.Release|Any CPU.ActiveCfg = Release|Any CPU
		{F8F24396-00C0-4295-A590-1EF254875DE6}.Release|Any CPU.Build.0 = Release|Any CPU
		{B0DB4E8A-42A0-41E3-8760-2D9F951B3A29}.Debug|Any CPU.ActiveCfg = Debug|Any CPU
		{B0DB4E8A-42A0-41E3-8760-2D9F951B3A29}.Debug|Any CPU.Build.0 = Debug|Any CPU
		{B0DB4E8A-42A0-41E3-8760-2D9F951B3A29}.Release|Any CPU.ActiveCfg = Release|Any CPU
		{B0DB4E8A-42A0-41E3-8760-2D9F951B3A29}.Release|Any CPU.Build.0 = Release|Any CPU
		{898B1AAB-3B9B-4EBC-9B91-1C6652F8E2D9}.Debug|Any CPU.ActiveCfg = Debug|Any CPU
		{898B1AAB-3B9B-4EBC-9B91-1C6652F8E2D9}.Debug|Any CPU.Build.0 = Debug|Any CPU
		{898B1AAB-3B9B-4EBC-9B91-1C6652F8E2D9}.Release|Any CPU.ActiveCfg = Release|Any CPU
		{898B1AAB-3B9B-4EBC-9B91-1C6652F8E2D9}.Release|Any CPU.Build.0 = Release|Any CPU
		{8DE1D8FF-AB6A-4F32-8BF0-A45B543D6872}.Debug|Any CPU.ActiveCfg = Debug|Any CPU
		{8DE1D8FF-AB6A-4F32-8BF0-A45B543D6872}.Debug|Any CPU.Build.0 = Debug|Any CPU
		{8DE1D8FF-AB6A-4F32-8BF0-A45B543D6872}.Release|Any CPU.ActiveCfg = Release|Any CPU
		{8DE1D8FF-AB6A-4F32-8BF0-A45B543D6872}.Release|Any CPU.Build.0 = Release|Any CPU
		{024EE9EA-37B9-420D-A7A2-DB6B3D3225AC}.Debug|Any CPU.ActiveCfg = Debug|Any CPU
		{024EE9EA-37B9-420D-A7A2-DB6B3D3225AC}.Debug|Any CPU.Build.0 = Debug|Any CPU
		{024EE9EA-37B9-420D-A7A2-DB6B3D3225AC}.Release|Any CPU.ActiveCfg = Release|Any CPU
		{024EE9EA-37B9-420D-A7A2-DB6B3D3225AC}.Release|Any CPU.Build.0 = Release|Any CPU
		{D443D417-121C-4175-B1AF-6717CAA5BC71}.Debug|Any CPU.ActiveCfg = Debug|Any CPU
		{D443D417-121C-4175-B1AF-6717CAA5BC71}.Debug|Any CPU.Build.0 = Debug|Any CPU
		{D443D417-121C-4175-B1AF-6717CAA5BC71}.Release|Any CPU.ActiveCfg = Release|Any CPU
		{D443D417-121C-4175-B1AF-6717CAA5BC71}.Release|Any CPU.Build.0 = Release|Any CPU
		{93435274-96CD-4F57-BCC5-629E002799C8}.Debug|Any CPU.ActiveCfg = Debug|Any CPU
		{93435274-96CD-4F57-BCC5-629E002799C8}.Debug|Any CPU.Build.0 = Debug|Any CPU
		{93435274-96CD-4F57-BCC5-629E002799C8}.Release|Any CPU.ActiveCfg = Release|Any CPU
		{93435274-96CD-4F57-BCC5-629E002799C8}.Release|Any CPU.Build.0 = Release|Any CPU
		{8D7B60D8-78D5-4E46-9A54-86DFCD8502C6}.Debug|Any CPU.ActiveCfg = Debug|Any CPU
		{8D7B60D8-78D5-4E46-9A54-86DFCD8502C6}.Debug|Any CPU.Build.0 = Debug|Any CPU
		{8D7B60D8-78D5-4E46-9A54-86DFCD8502C6}.Release|Any CPU.ActiveCfg = Release|Any CPU
		{8D7B60D8-78D5-4E46-9A54-86DFCD8502C6}.Release|Any CPU.Build.0 = Release|Any CPU
		{F184A314-2025-4D20-A2C6-85AC560B44D3}.Debug|Any CPU.ActiveCfg = Debug|Any CPU
		{F184A314-2025-4D20-A2C6-85AC560B44D3}.Debug|Any CPU.Build.0 = Debug|Any CPU
		{F184A314-2025-4D20-A2C6-85AC560B44D3}.Release|Any CPU.ActiveCfg = Release|Any CPU
		{F184A314-2025-4D20-A2C6-85AC560B44D3}.Release|Any CPU.Build.0 = Release|Any CPU
		{6BC9E057-909E-4015-A0B6-D8D184DABC02}.Debug|Any CPU.ActiveCfg = Debug|Any CPU
		{6BC9E057-909E-4015-A0B6-D8D184DABC02}.Debug|Any CPU.Build.0 = Debug|Any CPU
		{6BC9E057-909E-4015-A0B6-D8D184DABC02}.Release|Any CPU.ActiveCfg = Release|Any CPU
		{6BC9E057-909E-4015-A0B6-D8D184DABC02}.Release|Any CPU.Build.0 = Release|Any CPU
		{C31ECB9C-36B8-4EB4-BC9E-95D04E91DDAC}.Debug|Any CPU.ActiveCfg = Debug|Any CPU
		{C31ECB9C-36B8-4EB4-BC9E-95D04E91DDAC}.Debug|Any CPU.Build.0 = Debug|Any CPU
		{C31ECB9C-36B8-4EB4-BC9E-95D04E91DDAC}.Release|Any CPU.ActiveCfg = Release|Any CPU
		{C31ECB9C-36B8-4EB4-BC9E-95D04E91DDAC}.Release|Any CPU.Build.0 = Release|Any CPU
		{F4A56FF1-15DB-4DFC-B8BD-DEF764677FE2}.Debug|Any CPU.ActiveCfg = Debug|Any CPU
		{F4A56FF1-15DB-4DFC-B8BD-DEF764677FE2}.Debug|Any CPU.Build.0 = Debug|Any CPU
		{F4A56FF1-15DB-4DFC-B8BD-DEF764677FE2}.Release|Any CPU.ActiveCfg = Release|Any CPU
		{F4A56FF1-15DB-4DFC-B8BD-DEF764677FE2}.Release|Any CPU.Build.0 = Release|Any CPU
		{22D4654F-1596-416E-A477-38CC840EAB3A}.Debug|Any CPU.ActiveCfg = Debug|Any CPU
		{22D4654F-1596-416E-A477-38CC840EAB3A}.Debug|Any CPU.Build.0 = Debug|Any CPU
		{22D4654F-1596-416E-A477-38CC840EAB3A}.Release|Any CPU.ActiveCfg = Release|Any CPU
		{22D4654F-1596-416E-A477-38CC840EAB3A}.Release|Any CPU.Build.0 = Release|Any CPU
		{AF1AA7D8-916A-4574-837E-DB7E91A4A663}.Debug|Any CPU.ActiveCfg = Debug|Any CPU
		{AF1AA7D8-916A-4574-837E-DB7E91A4A663}.Debug|Any CPU.Build.0 = Debug|Any CPU
		{AF1AA7D8-916A-4574-837E-DB7E91A4A663}.Release|Any CPU.ActiveCfg = Release|Any CPU
		{AF1AA7D8-916A-4574-837E-DB7E91A4A663}.Release|Any CPU.Build.0 = Release|Any CPU
		{4FE8F73B-2B42-4FC1-B6E7-A51F7BA62A83}.Debug|Any CPU.ActiveCfg = Debug|Any CPU
		{4FE8F73B-2B42-4FC1-B6E7-A51F7BA62A83}.Debug|Any CPU.Build.0 = Debug|Any CPU
		{4FE8F73B-2B42-4FC1-B6E7-A51F7BA62A83}.Release|Any CPU.ActiveCfg = Release|Any CPU
		{4FE8F73B-2B42-4FC1-B6E7-A51F7BA62A83}.Release|Any CPU.Build.0 = Release|Any CPU
		{4AAB926C-E210-44A2-81D5-BA3C7B197C12}.Debug|Any CPU.ActiveCfg = Debug|Any CPU
		{4AAB926C-E210-44A2-81D5-BA3C7B197C12}.Debug|Any CPU.Build.0 = Debug|Any CPU
		{4AAB926C-E210-44A2-81D5-BA3C7B197C12}.Release|Any CPU.ActiveCfg = Release|Any CPU
		{4AAB926C-E210-44A2-81D5-BA3C7B197C12}.Release|Any CPU.Build.0 = Release|Any CPU
		{9B99A466-3AA7-44C4-B099-CF13CF121C7C}.Debug|Any CPU.ActiveCfg = Debug|Any CPU
		{9B99A466-3AA7-44C4-B099-CF13CF121C7C}.Debug|Any CPU.Build.0 = Debug|Any CPU
		{9B99A466-3AA7-44C4-B099-CF13CF121C7C}.Release|Any CPU.ActiveCfg = Release|Any CPU
		{9B99A466-3AA7-44C4-B099-CF13CF121C7C}.Release|Any CPU.Build.0 = Release|Any CPU
		{9AF402C0-CF4C-4CF5-A993-17CABAFFF449}.Debug|Any CPU.ActiveCfg = Debug|Any CPU
		{9AF402C0-CF4C-4CF5-A993-17CABAFFF449}.Debug|Any CPU.Build.0 = Debug|Any CPU
		{9AF402C0-CF4C-4CF5-A993-17CABAFFF449}.Release|Any CPU.ActiveCfg = Release|Any CPU
		{9AF402C0-CF4C-4CF5-A993-17CABAFFF449}.Release|Any CPU.Build.0 = Release|Any CPU
		{D6A0B4F1-6DE3-4AB4-9FF6-7CDBF0E39459}.Debug|Any CPU.ActiveCfg = Debug|Any CPU
		{D6A0B4F1-6DE3-4AB4-9FF6-7CDBF0E39459}.Debug|Any CPU.Build.0 = Debug|Any CPU
		{D6A0B4F1-6DE3-4AB4-9FF6-7CDBF0E39459}.Release|Any CPU.ActiveCfg = Release|Any CPU
		{D6A0B4F1-6DE3-4AB4-9FF6-7CDBF0E39459}.Release|Any CPU.Build.0 = Release|Any CPU
	EndGlobalSection
	GlobalSection(SolutionProperties) = preSolution
		HideSolutionNode = FALSE
	EndGlobalSection
	GlobalSection(NestedProjects) = preSolution
		{8DE1D8FF-AB6A-4F32-8BF0-A45B543D6872} = {5786F5F6-F9C8-44C0-9D20-BA6E3B178988}
		{024EE9EA-37B9-420D-A7A2-DB6B3D3225AC} = {5786F5F6-F9C8-44C0-9D20-BA6E3B178988}
		{D443D417-121C-4175-B1AF-6717CAA5BC71} = {4877C576-A201-4590-88E9-D88970D1F86A}
		{93435274-96CD-4F57-BCC5-629E002799C8} = {4877C576-A201-4590-88E9-D88970D1F86A}
		{8D7B60D8-78D5-4E46-9A54-86DFCD8502C6} = {4877C576-A201-4590-88E9-D88970D1F86A}
		{F184A314-2025-4D20-A2C6-85AC560B44D3} = {4877C576-A201-4590-88E9-D88970D1F86A}
		{6BC9E057-909E-4015-A0B6-D8D184DABC02} = {4877C576-A201-4590-88E9-D88970D1F86A}
		{C31ECB9C-36B8-4EB4-BC9E-95D04E91DDAC} = {4877C576-A201-4590-88E9-D88970D1F86A}
		{F4A56FF1-15DB-4DFC-B8BD-DEF764677FE2} = {4877C576-A201-4590-88E9-D88970D1F86A}
		{22D4654F-1596-416E-A477-38CC840EAB3A} = {4877C576-A201-4590-88E9-D88970D1F86A}
		{AF1AA7D8-916A-4574-837E-DB7E91A4A663} = {4877C576-A201-4590-88E9-D88970D1F86A}
		{4FE8F73B-2B42-4FC1-B6E7-A51F7BA62A83} = {5786F5F6-F9C8-44C0-9D20-BA6E3B178988}
		{4AAB926C-E210-44A2-81D5-BA3C7B197C12} = {5786F5F6-F9C8-44C0-9D20-BA6E3B178988}
		{9B99A466-3AA7-44C4-B099-CF13CF121C7C} = {5786F5F6-F9C8-44C0-9D20-BA6E3B178988}
		{D6A0B4F1-6DE3-4AB4-9FF6-7CDBF0E39459} = {4877C576-A201-4590-88E9-D88970D1F86A}
	EndGlobalSection
	GlobalSection(ExtensibilityGlobals) = postSolution
		SolutionGuid = {3508A97D-5D10-470F-836F-95639A910A02}
	EndGlobalSection
	GlobalSection(Performance) = preSolution
		HasPerformanceSessions = true
	EndGlobalSection
EndGlobal
